{
  "version": 4,
  "terraform_version": "1.12.1",
  "serial": 8,
  "lineage": "6559f551-192b-251c-744b-6a64c08b4506",
  "outputs": {
    "function_app_default_hostname": {
      "value": "winalyze.azurewebsites.net",
      "type": "string"
    },
    "function_app_name": {
      "value": "winalyze",
      "type": "string"
    },
    "storage_account_name": {
      "value": "winalyzestorage",
      "type": "string"
    }
  },
  "resources": [
    {
      "mode": "managed",
      "type": "azurerm_linux_function_app",
      "name": "func",
      "provider": "provider[\"registry.terraform.io/hashicorp/azurerm\"]",
      "instances": [
        {
          "schema_version": 1,
          "attributes": {
            "app_settings": {
              "FUNCTIONS_WORKER_RUNTIME": "python",
              "WEBSITE_RUN_FROM_PACKAGE": "1"
            },
            "auth_settings": [],
            "auth_settings_v2": [],
            "backup": [],
            "builtin_logging_enabled": true,
            "client_certificate_enabled": false,
            "client_certificate_exclusion_paths": "",
            "client_certificate_mode": "Optional",
            "connection_string": [],
            "content_share_force_disabled": false,
            "custom_domain_verification_id": "192C8AB3FCB79788E051CEB316B9EC743DCD675E3FC5FCAC9D3F4758463D10E9",
            "daily_memory_time_quota": 0,
            "default_hostname": "winalyze.azurewebsites.net",
            "enabled": true,
            "ftp_publish_basic_authentication_enabled": true,
            "functions_extension_version": "~4",
            "hosting_environment_id": "",
            "https_only": false,
            "id": "/subscriptions/087db85c-2389-4e93-bfac-d2790e77f8b0/resourceGroups/rg-winalyze/providers/Microsoft.Web/sites/winalyze",
            "identity": [],
            "key_vault_reference_identity_id": "SystemAssigned",
            "kind": "functionapp,linux",
            "location": "westeurope",
            "name": "winalyze",
            "outbound_ip_address_list": [
              "20.76.178.227",
              "20.76.179.12",
              "20.76.179.33",
              "20.76.179.89",
              "20.76.179.194",
              "20.76.179.229",
              "20.50.2.60"
            ],
            "outbound_ip_addresses": "20.76.178.227,20.76.179.12,20.76.179.33,20.76.179.89,20.76.179.194,20.76.179.229,20.50.2.60",
            "possible_outbound_ip_address_list": [
              "20.76.178.227",
              "20.76.179.12",
              "20.76.179.33",
              "20.76.179.89",
              "20.76.179.194",
              "20.76.179.229",
              "20.76.176.247",
              "20.76.179.230",
              "20.76.179.239",
              "20.76.179.250",
              "20.76.179.253",
              "20.76.180.16",
              "20.76.180.18",
              "20.76.180.27",
              "20.76.180.29",
              "20.76.180.30",
              "20.76.180.66",
              "20.82.72.29",
              "20.82.26.76",
              "20.82.26.95",
              "20.82.26.125",
              "20.82.26.189",
              "20.82.26.197",
              "20.82.27.23",
              "20.50.2.60"
            ],
            "possible_outbound_ip_addresses": "20.76.178.227,20.76.179.12,20.76.179.33,20.76.179.89,20.76.179.194,20.76.179.229,20.76.176.247,20.76.179.230,20.76.179.239,20.76.179.250,20.76.179.253,20.76.180.16,20.76.180.18,20.76.180.27,20.76.180.29,20.76.180.30,20.76.180.66,20.82.72.29,20.82.26.76,20.82.26.95,20.82.26.125,20.82.26.189,20.82.26.197,20.82.27.23,20.50.2.60",
            "public_network_access_enabled": true,
            "resource_group_name": "rg-winalyze",
            "service_plan_id": "/subscriptions/087db85c-2389-4e93-bfac-d2790e77f8b0/resourceGroups/rg-winalyze/providers/Microsoft.Web/serverFarms/plan-winalyze",
            "site_config": [
              {
                "always_on": false,
                "api_definition_url": "",
                "api_management_api_id": "",
                "app_command_line": "",
                "app_scale_limit": 200,
                "app_service_logs": [],
                "application_insights_connection_string": "",
                "application_insights_key": "",
                "application_stack": [
                  {
                    "docker": [],
                    "dotnet_version": "",
                    "java_version": "",
                    "node_version": "",
                    "powershell_core_version": "",
                    "python_version": "3.10",
                    "use_custom_runtime": false,
                    "use_dotnet_isolated_runtime": false
                  }
                ],
                "container_registry_managed_identity_client_id": "",
                "container_registry_use_managed_identity": false,
                "cors": [],
                "default_documents": [
                  "Default.htm",
                  "Default.html",
                  "Default.asp",
                  "index.htm",
                  "index.html",
                  "iisstart.htm",
                  "default.aspx",
                  "index.php"
                ],
                "detailed_error_logging_enabled": false,
                "elastic_instance_minimum": 0,
                "ftps_state": "Disabled",
                "health_check_eviction_time_in_min": 0,
                "health_check_path": "",
                "http2_enabled": false,
                "ip_restriction": [],
                "ip_restriction_default_action": "Allow",
                "linux_fx_version": "PYTHON|3.10",
                "load_balancing_mode": "LeastRequests",
                "managed_pipeline_mode": "Integrated",
                "minimum_tls_version": "1.2",
                "pre_warmed_instance_count": 0,
                "remote_debugging_enabled": false,
                "remote_debugging_version": "",
                "runtime_scale_monitoring_enabled": false,
                "scm_ip_restriction": [],
                "scm_ip_restriction_default_action": "Allow",
                "scm_minimum_tls_version": "1.2",
                "scm_type": "None",
                "scm_use_main_ip_restriction": false,
                "use_32_bit_worker": false,
                "vnet_route_all_enabled": false,
                "websockets_enabled": false,
                "worker_count": 1
              }
            ],
            "site_credential": [
              {
                "name": "$winalyze",
                "password": "jKywbEg7Hh7SgHjqN5dYabaW1HkulpDaoSpg8hMolJt04zh5sgjGutoA2DW8"
              }
            ],
            "sticky_settings": [],
            "storage_account": [],
            "storage_account_access_key": "4iugvm1f5ErXWU3LpQOiNZ+qTQG4hXWfLjro+jCpDHF+g8MVaLNGGfj4K1d7gip+QlMk2A8jnVFB+ASthPo4Lg==",
            "storage_account_name": "winalyzestorage",
            "storage_key_vault_secret_id": "",
            "storage_uses_managed_identity": false,
            "tags": null,
            "timeouts": null,
            "virtual_network_backup_restore_enabled": false,
            "virtual_network_subnet_id": "",
            "vnet_image_pull_enabled": false,
            "webdeploy_publish_basic_authentication_enabled": true,
            "zip_deploy_file": ""
          },
          "sensitive_attributes": [
            [
              {
                "type": "get_attr",
                "value": "custom_domain_verification_id"
              }
            ],
            [
              {
                "type": "get_attr",
                "value": "site_config"
              },
              {
                "type": "index",
                "value": {
                  "value": 0,
                  "type": "number"
                }
              },
              {
                "type": "get_attr",
                "value": "application_insights_connection_string"
              }
            ],
            [
              {
                "type": "get_attr",
                "value": "site_config"
              },
              {
                "type": "index",
                "value": {
                  "value": 0,
                  "type": "number"
                }
              },
              {
                "type": "get_attr",
                "value": "application_insights_key"
              }
            ],
            [
              {
                "type": "get_attr",
                "value": "site_credential"
              }
            ],
            [
              {
                "type": "get_attr",
                "value": "storage_account_access_key"
              }
            ]
          ],
          "identity_schema_version": 0,
          "private": "eyJlMmJmYjczMC1lY2FhLTExZTYtOGY4OC0zNDM2M2JjN2M0YzAiOnsiY3JlYXRlIjoxODAwMDAwMDAwMDAwLCJkZWxldGUiOjE4MDAwMDAwMDAwMDAsInJlYWQiOjMwMDAwMDAwMDAwMCwidXBkYXRlIjoxODAwMDAwMDAwMDAwfSwic2NoZW1hX3ZlcnNpb24iOiIxIn0=",
          "dependencies": [
            "azurerm_resource_group.rg",
            "azurerm_service_plan.plan",
            "azurerm_storage_account.storage"
          ]
        }
      ]
    },
    {
      "mode": "managed",
      "type": "azurerm_resource_group",
      "name": "rg",
      "provider": "provider[\"registry.terraform.io/hashicorp/azurerm\"]",
      "instances": [
        {
          "schema_version": 0,
          "attributes": {
            "id": "/subscriptions/087db85c-2389-4e93-bfac-d2790e77f8b0/resourceGroups/rg-winalyze",
            "location": "westeurope",
            "managed_by": "",
            "name": "rg-winalyze",
            "tags": null,
            "timeouts": null
          },
          "sensitive_attributes": [],
          "identity_schema_version": 0,
          "private": "eyJlMmJmYjczMC1lY2FhLTExZTYtOGY4OC0zNDM2M2JjN2M0YzAiOnsiY3JlYXRlIjo1NDAwMDAwMDAwMDAwLCJkZWxldGUiOjU0MDAwMDAwMDAwMDAsInJlYWQiOjMwMDAwMDAwMDAwMCwidXBkYXRlIjo1NDAwMDAwMDAwMDAwfX0="
        }
      ]
    },
    {
      "mode": "managed",
      "type": "azurerm_service_plan",
      "name": "plan",
      "provider": "provider[\"registry.terraform.io/hashicorp/azurerm\"]",
      "instances": [
        {
          "schema_version": 1,
          "attributes": {
            "app_service_environment_id": "",
            "id": "/subscriptions/087db85c-2389-4e93-bfac-d2790e77f8b0/resourceGroups/rg-winalyze/providers/Microsoft.Web/serverFarms/plan-winalyze",
            "kind": "functionapp",
            "location": "westeurope",
            "maximum_elastic_worker_count": 1,
            "name": "plan-winalyze",
            "os_type": "Linux",
            "per_site_scaling_enabled": false,
            "premium_plan_auto_scale_enabled": false,
            "reserved": true,
            "resource_group_name": "rg-winalyze",
            "sku_name": "Y1",
            "tags": null,
            "timeouts": null,
            "worker_count": 0,
            "zone_balancing_enabled": false
          },
          "sensitive_attributes": [],
          "identity_schema_version": 0,
          "private": "eyJlMmJmYjczMC1lY2FhLTExZTYtOGY4OC0zNDM2M2JjN2M0YzAiOnsiY3JlYXRlIjozNjAwMDAwMDAwMDAwLCJkZWxldGUiOjM2MDAwMDAwMDAwMDAsInJlYWQiOjMwMDAwMDAwMDAwMCwidXBkYXRlIjozNjAwMDAwMDAwMDAwfSwic2NoZW1hX3ZlcnNpb24iOiIxIn0=",
          "dependencies": [
            "azurerm_resource_group.rg"
          ]
        }
      ]
    },
    {
      "mode": "managed",
      "type": "azurerm_storage_account",
      "name": "storage",
      "provider": "provider[\"registry.terraform.io/hashicorp/azurerm\"]",
      "instances": [
        {
          "schema_version": 4,
          "attributes": {
            "access_tier": "Hot",
            "account_kind": "StorageV2",
            "account_replication_type": "LRS",
            "account_tier": "Standard",
            "allow_nested_items_to_be_public": true,
            "allowed_copy_scope": "",
            "azure_files_authentication": [],
            "blob_properties": [
              {
                "change_feed_enabled": false,
                "change_feed_retention_in_days": 0,
                "container_delete_retention_policy": [],
                "cors_rule": [],
                "default_service_version": "",
                "delete_retention_policy": [],
                "last_access_time_enabled": false,
                "restore_policy": [],
                "versioning_enabled": false
              }
            ],
            "cross_tenant_replication_enabled": false,
            "custom_domain": [],
            "customer_managed_key": [],
            "default_to_oauth_authentication": false,
            "dns_endpoint_type": "Standard",
            "edge_zone": "",
            "https_traffic_only_enabled": true,
            "id": "/subscriptions/087db85c-2389-4e93-bfac-d2790e77f8b0/resourceGroups/rg-winalyze/providers/Microsoft.Storage/storageAccounts/winalyzestorage",
            "identity": [],
            "immutability_policy": [],
            "infrastructure_encryption_enabled": false,
            "is_hns_enabled": false,
            "large_file_share_enabled": false,
            "local_user_enabled": true,
            "location": "westeurope",
            "min_tls_version": "TLS1_2",
            "name": "winalyzestorage",
            "network_rules": [],
            "nfsv3_enabled": false,
            "primary_access_key": "4iugvm1f5ErXWU3LpQOiNZ+qTQG4hXWfLjro+jCpDHF+g8MVaLNGGfj4K1d7gip+QlMk2A8jnVFB+ASthPo4Lg==",
            "primary_blob_connection_string": "DefaultEndpointsProtocol=https;BlobEndpoint=https://winalyzestorage.blob.core.windows.net/;AccountName=winalyzestorage;AccountKey=4iugvm1f5ErXWU3LpQOiNZ+qTQG4hXWfLjro+jCpDHF+g8MVaLNGGfj4K1d7gip+QlMk2A8jnVFB+ASthPo4Lg==",
            "primary_blob_endpoint": "https://winalyzestorage.blob.core.windows.net/",
            "primary_blob_host": "winalyzestorage.blob.core.windows.net",
            "primary_blob_internet_endpoint": "",
            "primary_blob_internet_host": "",
            "primary_blob_microsoft_endpoint": "",
            "primary_blob_microsoft_host": "",
            "primary_connection_string": "DefaultEndpointsProtocol=https;AccountName=winalyzestorage;AccountKey=4iugvm1f5ErXWU3LpQOiNZ+qTQG4hXWfLjro+jCpDHF+g8MVaLNGGfj4K1d7gip+QlMk2A8jnVFB+ASthPo4Lg==;EndpointSuffix=core.windows.net",
            "primary_dfs_endpoint": "https://winalyzestorage.dfs.core.windows.net/",
            "primary_dfs_host": "winalyzestorage.dfs.core.windows.net",
            "primary_dfs_internet_endpoint": "",
            "primary_dfs_internet_host": "",
            "primary_dfs_microsoft_endpoint": "",
            "primary_dfs_microsoft_host": "",
            "primary_file_endpoint": "https://winalyzestorage.file.core.windows.net/",
            "primary_file_host": "winalyzestorage.file.core.windows.net",
            "primary_file_internet_endpoint": "",
            "primary_file_internet_host": "",
            "primary_file_microsoft_endpoint": "",
            "primary_file_microsoft_host": "",
            "primary_location": "westeurope",
            "primary_queue_endpoint": "https://winalyzestorage.queue.core.windows.net/",
            "primary_queue_host": "winalyzestorage.queue.core.windows.net",
            "primary_queue_microsoft_endpoint": "",
            "primary_queue_microsoft_host": "",
            "primary_table_endpoint": "https://winalyzestorage.table.core.windows.net/",
            "primary_table_host": "winalyzestorage.table.core.windows.net",
            "primary_table_microsoft_endpoint": "",
            "primary_table_microsoft_host": "",
            "primary_web_endpoint": "https://winalyzestorage.z6.web.core.windows.net/",
            "primary_web_host": "winalyzestorage.z6.web.core.windows.net",
            "primary_web_internet_endpoint": "",
            "primary_web_internet_host": "",
            "primary_web_microsoft_endpoint": "",
            "primary_web_microsoft_host": "",
            "public_network_access_enabled": true,
            "queue_encryption_key_type": "Service",
            "queue_properties": [
              {
                "cors_rule": [],
                "hour_metrics": [
                  {
                    "enabled": false,
                    "include_apis": false,
                    "retention_policy_days": 0,
                    "version": "1.0"
                  }
                ],
                "logging": [
                  {
                    "delete": false,
                    "read": false,
                    "retention_policy_days": 0,
                    "version": "1.0",
                    "write": false
                  }
                ],
                "minute_metrics": [
                  {
                    "enabled": false,
                    "include_apis": false,
                    "retention_policy_days": 0,
                    "version": "1.0"
                  }
                ]
              }
            ],
            "resource_group_name": "rg-winalyze",
            "routing": [],
            "sas_policy": [],
            "secondary_access_key": "rAuQR8g7agMGnMlJ5dyLCnnGhNSG0nffPLLLZF4eBGzx8HcZ+CzKL9lFb22d1ur6txOxxAlPf8v2+AStC2aUYQ==",
            "secondary_blob_connection_string": "",
            "secondary_blob_endpoint": "",
            "secondary_blob_host": "",
            "secondary_blob_internet_endpoint": "",
            "secondary_blob_internet_host": "",
            "secondary_blob_microsoft_endpoint": "",
            "secondary_blob_microsoft_host": "",
            "secondary_connection_string": "DefaultEndpointsProtocol=https;AccountName=winalyzestorage;AccountKey=rAuQR8g7agMGnMlJ5dyLCnnGhNSG0nffPLLLZF4eBGzx8HcZ+CzKL9lFb22d1ur6txOxxAlPf8v2+AStC2aUYQ==;EndpointSuffix=core.windows.net",
            "secondary_dfs_endpoint": "",
            "secondary_dfs_host": "",
            "secondary_dfs_internet_endpoint": "",
            "secondary_dfs_internet_host": "",
            "secondary_dfs_microsoft_endpoint": "",
            "secondary_dfs_microsoft_host": "",
            "secondary_file_endpoint": "",
            "secondary_file_host": "",
            "secondary_file_internet_endpoint": "",
            "secondary_file_internet_host": "",
            "secondary_file_microsoft_endpoint": "",
            "secondary_file_microsoft_host": "",
            "secondary_location": "",
            "secondary_queue_endpoint": "",
            "secondary_queue_host": "",
            "secondary_queue_microsoft_endpoint": "",
            "secondary_queue_microsoft_host": "",
            "secondary_table_endpoint": "",
            "secondary_table_host": "",
            "secondary_table_microsoft_endpoint": "",
            "secondary_table_microsoft_host": "",
            "secondary_web_endpoint": "",
            "secondary_web_host": "",
            "secondary_web_internet_endpoint": "",
            "secondary_web_internet_host": "",
            "secondary_web_microsoft_endpoint": "",
            "secondary_web_microsoft_host": "",
            "sftp_enabled": false,
            "share_properties": [
              {
                "cors_rule": [],
                "retention_policy": [
                  {
                    "days": 7
                  }
                ],
                "smb": []
              }
            ],
            "shared_access_key_enabled": true,
            "static_website": [],
            "table_encryption_key_type": "Service",
            "tags": null,
            "timeouts": null
          },
          "sensitive_attributes": [
            [
              {
                "type": "get_attr",
                "value": "primary_access_key"
              }
            ],
            [
              {
                "type": "get_attr",
                "value": "primary_blob_connection_string"
              }
            ],
            [
              {
                "type": "get_attr",
                "value": "primary_connection_string"
              }
            ],
            [
              {
                "type": "get_attr",
                "value": "secondary_access_key"
              }
            ],
            [
              {
                "type": "get_attr",
                "value": "secondary_blob_connection_string"
              }
            ],
            [
              {
                "type": "get_attr",
                "value": "secondary_connection_string"
              }
            ]
          ],
          "identity_schema_version": 0,
          "private": "eyJlMmJmYjczMC1lY2FhLTExZTYtOGY4OC0zNDM2M2JjN2M0YzAiOnsiY3JlYXRlIjozNjAwMDAwMDAwMDAwLCJkZWxldGUiOjM2MDAwMDAwMDAwMDAsInJlYWQiOjMwMDAwMDAwMDAwMCwidXBkYXRlIjozNjAwMDAwMDAwMDAwfSwic2NoZW1hX3ZlcnNpb24iOiI0In0=",
          "dependencies": [
            "azurerm_resource_group.rg"
          ]
        }
      ]
    },
    {
      "mode": "managed",
      "type": "azurerm_storage_container",
      "name": "cleaned",
      "provider": "provider[\"registry.terraform.io/hashicorp/azurerm\"]",
      "instances": [
        {
          "schema_version": 1,
          "attributes": {
            "container_access_type": "private",
            "default_encryption_scope": "$account-encryption-key",
            "encryption_scope_override_enabled": true,
            "has_immutability_policy": false,
            "has_legal_hold": false,
            "id": "https://winalyzestorage.blob.core.windows.net/cleaned",
            "metadata": {},
            "name": "cleaned",
            "resource_manager_id": "/subscriptions/087db85c-2389-4e93-bfac-d2790e77f8b0/resourceGroups/rg-winalyze/providers/Microsoft.Storage/storageAccounts/winalyzestorage/blobServices/default/containers/cleaned",
            "storage_account_id": null,
            "storage_account_name": "winalyzestorage",
            "timeouts": null
          },
          "sensitive_attributes": [],
          "identity_schema_version": 0,
          "private": "eyJlMmJmYjczMC1lY2FhLTExZTYtOGY4OC0zNDM2M2JjN2M0YzAiOnsiY3JlYXRlIjoxODAwMDAwMDAwMDAwLCJkZWxldGUiOjE4MDAwMDAwMDAwMDAsInJlYWQiOjMwMDAwMDAwMDAwMCwidXBkYXRlIjoxODAwMDAwMDAwMDAwfSwic2NoZW1hX3ZlcnNpb24iOiIxIn0=",
          "dependencies": [
            "azurerm_resource_group.rg",
            "azurerm_storage_account.storage"
          ]
        }
      ]
    },
    {
      "mode": "managed",
      "type": "azurerm_storage_container",
      "name": "models",
      "provider": "provider[\"registry.terraform.io/hashicorp/azurerm\"]",
      "instances": [
        {
          "schema_version": 1,
          "attributes": {
            "container_access_type": "private",
            "default_encryption_scope": "$account-encryption-key",
            "encryption_scope_override_enabled": true,
            "has_immutability_policy": false,
            "has_legal_hold": false,
            "id": "https://winalyzestorage.blob.core.windows.net/models",
            "metadata": {},
            "name": "models",
            "resource_manager_id": "/subscriptions/087db85c-2389-4e93-bfac-d2790e77f8b0/resourceGroups/rg-winalyze/providers/Microsoft.Storage/storageAccounts/winalyzestorage/blobServices/default/containers/models",
            "storage_account_id": null,
            "storage_account_name": "winalyzestorage",
            "timeouts": null
          },
          "sensitive_attributes": [],
          "identity_schema_version": 0,
          "private": "eyJlMmJmYjczMC1lY2FhLTExZTYtOGY4OC0zNDM2M2JjN2M0YzAiOnsiY3JlYXRlIjoxODAwMDAwMDAwMDAwLCJkZWxldGUiOjE4MDAwMDAwMDAwMDAsInJlYWQiOjMwMDAwMDAwMDAwMCwidXBkYXRlIjoxODAwMDAwMDAwMDAwfSwic2NoZW1hX3ZlcnNpb24iOiIxIn0=",
          "dependencies": [
            "azurerm_resource_group.rg",
            "azurerm_storage_account.storage"
          ]
        }
      ]
    },
    {
      "mode": "managed",
      "type": "azurerm_storage_container",
      "name": "raw",
      "provider": "provider[\"registry.terraform.io/hashicorp/azurerm\"]",
      "instances": [
        {
          "schema_version": 1,
          "attributes": {
            "container_access_type": "private",
            "default_encryption_scope": "$account-encryption-key",
            "encryption_scope_override_enabled": true,
            "has_immutability_policy": false,
            "has_legal_hold": false,
            "id": "https://winalyzestorage.blob.core.windows.net/raw",
            "metadata": {},
            "name": "raw",
            "resource_manager_id": "/subscriptions/087db85c-2389-4e93-bfac-d2790e77f8b0/resourceGroups/rg-winalyze/providers/Microsoft.Storage/storageAccounts/winalyzestorage/blobServices/default/containers/raw",
            "storage_account_id": null,
            "storage_account_name": "winalyzestorage",
            "timeouts": null
          },
          "sensitive_attributes": [],
          "identity_schema_version": 0,
          "private": "eyJlMmJmYjczMC1lY2FhLTExZTYtOGY4OC0zNDM2M2JjN2M0YzAiOnsiY3JlYXRlIjoxODAwMDAwMDAwMDAwLCJkZWxldGUiOjE4MDAwMDAwMDAwMDAsInJlYWQiOjMwMDAwMDAwMDAwMCwidXBkYXRlIjoxODAwMDAwMDAwMDAwfSwic2NoZW1hX3ZlcnNpb24iOiIxIn0=",
          "dependencies": [
            "azurerm_resource_group.rg",
            "azurerm_storage_account.storage"
          ]
        }
      ]
    }
  ],
  "check_results": null
}
